
Microsoft Visual Studio Solution File, Format Version 12.00
# Visual Studio Version 17
VisualStudioVersion = 17.5.33516.290
MinimumVisualStudioVersion = 10.0.40219.1
Project("{2150E333-8FDC-42A3-9474-1A3956D46DE8}") = "Core", "Core", "{6419BB3F-E533-4032-8143-BDB6436B1FE8}"
EndProject
Project("{9A19103F-16F7-4668-BE54-9A1E7A4F7556}") = "Core", "Core\Core.csproj", "{BC115AB8-A105-428D-A492-117E4F06515C}"
EndProject
Project("{2150E333-8FDC-42A3-9474-1A3956D46DE8}") = "DB", "DB", "{61E8F24B-8727-437D-A4B3-10FECBB1BE78}"
EndProject
Project("{9A19103F-16F7-4668-BE54-9A1E7A4F7556}") = "DB", "DB\DB.csproj", "{FF48972C-6A2D-4146-9904-7F9601468254}"
EndProject
Project("{9A19103F-16F7-4668-BE54-9A1E7A4F7556}") = "Bot", "Bot.csproj", "{4C220ADD-49A0-4CE8-AA49-01131E45280F}"
EndProject
Project("{2150E333-8FDC-42A3-9474-1A3956D46DE8}") = "Bot", "Bot", "{7A53B53F-EE62-422C-A2C3-18B2F9B7B0E4}"
EndProject
Project("{2150E333-8FDC-42A3-9474-1A3956D46DE8}") = "Web UI", "Web UI", "{518B456C-F1C9-4C74-8B11-BA917F84097E}"
EndProject
Project("{9A19103F-16F7-4668-BE54-9A1E7A4F7556}") = "Web UI", "Web UI\Web UI.csproj", "{18C8F858-2D66-44F8-B505-9C677FC5194F}"
EndProject
Global
	GlobalSection(SolutionConfigurationPlatforms) = preSolution
		Debug|Any CPU = Debug|Any CPU
		Release|Any CPU = Release|Any CPU
	EndGlobalSection
	GlobalSection(ProjectConfigurationPlatforms) = postSolution
		{BC115AB8-A105-428D-A492-117E4F06515C}.Debug|Any CPU.ActiveCfg = Debug|Any CPU
		{BC115AB8-A105-428D-A492-117E4F06515C}.Debug|Any CPU.Build.0 = Debug|Any CPU
		{BC115AB8-A105-428D-A492-117E4F06515C}.Release|Any CPU.ActiveCfg = Release|Any CPU
		{BC115AB8-A105-428D-A492-117E4F06515C}.Release|Any CPU.Build.0 = Release|Any CPU
		{FF48972C-6A2D-4146-9904-7F9601468254}.Debug|Any CPU.ActiveCfg = Debug|Any CPU
		{FF48972C-6A2D-4146-9904-7F9601468254}.Debug|Any CPU.Build.0 = Debug|Any CPU
		{FF48972C-6A2D-4146-9904-7F9601468254}.Release|Any CPU.ActiveCfg = Release|Any CPU
		{FF48972C-6A2D-4146-9904-7F9601468254}.Release|Any CPU.Build.0 = Release|Any CPU
		{4C220ADD-49A0-4CE8-AA49-01131E45280F}.Debug|Any CPU.ActiveCfg = Debug|Any CPU
		{4C220ADD-49A0-4CE8-AA49-01131E45280F}.Debug|Any CPU.Build.0 = Debug|Any CPU
		{4C220ADD-49A0-4CE8-AA49-01131E45280F}.Release|Any CPU.ActiveCfg = Release|Any CPU
		{4C220ADD-49A0-4CE8-AA49-01131E45280F}.Release|Any CPU.Build.0 = Release|Any CPU
		{18C8F858-2D66-44F8-B505-9C677FC5194F}.Debug|Any CPU.ActiveCfg = Debug|Any CPU
		{18C8F858-2D66-44F8-B505-9C677FC5194F}.Debug|Any CPU.Build.0 = Debug|Any CPU
		{18C8F858-2D66-44F8-B505-9C677FC5194F}.Release|Any CPU.ActiveCfg = Release|Any CPU
		{18C8F858-2D66-44F8-B505-9C677FC5194F}.Release|Any CPU.Build.0 = Release|Any CPU
	EndGlobalSection
	GlobalSection(SolutionProperties) = preSolution
		HideSolutionNode = FALSE
	EndGlobalSection
	GlobalSection(NestedProjects) = preSolution
		{BC115AB8-A105-428D-A492-117E4F06515C} = {6419BB3F-E533-4032-8143-BDB6436B1FE8}
		{FF48972C-6A2D-4146-9904-7F9601468254} = {61E8F24B-8727-437D-A4B3-10FECBB1BE78}
		{4C220ADD-49A0-4CE8-AA49-01131E45280F} = {7A53B53F-EE62-422C-A2C3-18B2F9B7B0E4}
		{18C8F858-2D66-44F8-B505-9C677FC5194F} = {518B456C-F1C9-4C74-8B11-BA917F84097E}
	EndGlobalSection
	GlobalSection(ExtensibilityGlobals) = postSolution
		SolutionGuid = {F06E17DB-3976-4FBB-B8BD-DB009581E750}
	EndGlobalSection
EndGlobal
